
Microsoft Visual Studio Solution File, Format Version 12.00
# Visual Studio 15
VisualStudioVersion = 15.0.27130.2010
MinimumVisualStudioVersion = 10.0.40219.1
Project("{888888A0-9F3D-457C-B088-3A5042F75D52}") = "DjangoWeb", "DjangoWeb\DjangoWeb.pyproj", "{308D046C-08CE-4129-A95D-3C75C224A158}"
EndProject
Project("{888888A0-9F3D-457C-B088-3A5042F75D52}") = "PythonApplication", "PythonApplication\PythonApplication.pyproj", "{1A6DC0D1-19C7-4358-A7A5-C6ABDD164493}"
EndProject
Global
	GlobalSection(SolutionConfigurationPlatforms) = preSolution
		Debug|Any CPU = Debug|Any CPU
		Release|Any CPU = Release|Any CPU
	EndGlobalSection
	GlobalSection(ProjectConfigurationPlatforms) = postSolution
		{308D046C-08CE-4129-A95D-3C75C224A158}.Debug|Any CPU.ActiveCfg = Debug|Any CPU
		{308D046C-08CE-4129-A95D-3C75C224A158}.Debug|Any CPU.Build.0 = Debug|Any CPU
		{308D046C-08CE-4129-A95D-3C75C224A158}.Release|Any CPU.ActiveCfg = Release|Any CPU
		{308D046C-08CE-4129-A95D-3C75C224A158}.Release|Any CPU.Build.0 = Release|Any CPU
		{1A6DC0D1-19C7-4358-A7A5-C6ABDD164493}.Debug|Any CPU.ActiveCfg = Debug|Any CPU
		{1A6DC0D1-19C7-4358-A7A5-C6ABDD164493}.Release|Any CPU.ActiveCfg = Release|Any CPU
	EndGlobalSection
	GlobalSection(SolutionProperties) = preSolution
		HideSolutionNode = FALSE
	EndGlobalSection
	GlobalSection(ExtensibilityGlobals) = postSolution
		SolutionGuid = {DB3150F4-9641-4DF2-8363-9CB2D35C4822}
	EndGlobalSection
EndGlobal
